
Microsoft Visual Studio Solution File, Format Version 12.00
# Visual Studio Version 17
VisualStudioVersion = 17.14.36301.6 d17.14
MinimumVisualStudioVersion = 10.0.40219.1
Project("{FAE04EC0-301F-11D3-BF4B-00C04F79EFBC}") = "Topic 2-Numbers and Math", "Topic 2-Numbers and Math.csproj", "{836A3244-217C-4FB9-9C17-D415FB12F80A}"
EndProject
Global
	GlobalSection(SolutionConfigurationPlatforms) = preSolution
		Debug|Any CPU = Debug|Any CPU
		Release|Any CPU = Release|Any CPU
	EndGlobalSection
	GlobalSection(ProjectConfigurationPlatforms) = postSolution
		{836A3244-217C-4FB9-9C17-D415FB12F80A}.Debug|Any CPU.ActiveCfg = Debug|Any CPU
		{836A3244-217C-4FB9-9C17-D415FB12F80A}.Debug|Any CPU.Build.0 = Debug|Any CPU
		{836A3244-217C-4FB9-9C17-D415FB12F80A}.Release|Any CPU.ActiveCfg = Release|Any CPU
		{836A3244-217C-4FB9-9C17-D415FB12F80A}.Release|Any CPU.Build.0 = Release|Any CPU
	EndGlobalSection
	GlobalSection(SolutionProperties) = preSolution
		HideSolutionNode = FALSE
	EndGlobalSection
	GlobalSection(ExtensibilityGlobals) = postSolution
		SolutionGuid = {DD5FCF28-FC3E-40A9-84EA-DB29C3F0D2A9}
	EndGlobalSection
EndGlobal
